
Microsoft Visual Studio Solution File, Format Version 12.00
# Visual Studio Version 16
VisualStudioVersion = 16.0.30114.105
MinimumVisualStudioVersion = 10.0.40219.1
Project("{FAE04EC0-301F-11D3-BF4B-00C04F79EFBC}") = "lua obfuscator", "lua obfuscator\lua obfuscator.csproj", "{4534BBE2-005F-4175-83BA-46D80A9E4026}"
EndProject
Global
	GlobalSection(SolutionConfigurationPlatforms) = preSolution
		Debug|Any CPU = Debug|Any CPU
		Release|Any CPU = Release|Any CPU
	EndGlobalSection
	GlobalSection(ProjectConfigurationPlatforms) = postSolution
		{4534BBE2-005F-4175-83BA-46D80A9E4026}.Debug|Any CPU.ActiveCfg = Debug|Any CPU
		{4534BBE2-005F-4175-83BA-46D80A9E4026}.Debug|Any CPU.Build.0 = Debug|Any CPU
		{4534BBE2-005F-4175-83BA-46D80A9E4026}.Release|Any CPU.ActiveCfg = Release|Any CPU
		{4534BBE2-005F-4175-83BA-46D80A9E4026}.Release|Any CPU.Build.0 = Release|Any CPU
	EndGlobalSection
	GlobalSection(SolutionProperties) = preSolution
		HideSolutionNode = FALSE
	EndGlobalSection
	GlobalSection(ExtensibilityGlobals) = postSolution
		SolutionGuid = {587F38A1-A80F-4D48-949C-244D450F7D7D}
	EndGlobalSection
EndGlobal
